
Microsoft Visual Studio Solution File, Format Version 12.00
# Visual Studio Version 17
VisualStudioVersion = 17.8.34408.163
MinimumVisualStudioVersion = 10.0.40219.1
Project("{FAE04EC0-301F-11D3-BF4B-00C04F79EFBC}") = "LoginBasico", "LoginBasico\LoginBasico.csproj", "{AFECEE45-DFD6-40DF-992F-C3FD6D80395E}"
EndProject
Global
	GlobalSection(SolutionConfigurationPlatforms) = preSolution
		Debug|Any CPU = Debug|Any CPU
		Release|Any CPU = Release|Any CPU
	EndGlobalSection
	GlobalSection(ProjectConfigurationPlatforms) = postSolution
		{AFECEE45-DFD6-40DF-992F-C3FD6D80395E}.Debug|Any CPU.ActiveCfg = Debug|Any CPU
		{AFECEE45-DFD6-40DF-992F-C3FD6D80395E}.Debug|Any CPU.Build.0 = Debug|Any CPU
		{AFECEE45-DFD6-40DF-992F-C3FD6D80395E}.Release|Any CPU.ActiveCfg = Release|Any CPU
		{AFECEE45-DFD6-40DF-992F-C3FD6D80395E}.Release|Any CPU.Build.0 = Release|Any CPU
	EndGlobalSection
	GlobalSection(SolutionProperties) = preSolution
		HideSolutionNode = FALSE
	EndGlobalSection
	GlobalSection(ExtensibilityGlobals) = postSolution
		SolutionGuid = {A6C6D20E-2E45-451C-8613-D54BE5A13C3F}
	EndGlobalSection
EndGlobal
